// !$*UTF8*$!
{
	archiveVersion = 1;
	classes = {
	};
	objectVersion = 48;
	objects = {

/* Begin PBXBuildFile section */
		0CB07007205A26F1005BD847 /* AppDelegate.m in Sources */ = {isa = PBXBuildFile; fileRef = 0CB07006205A26F1005BD847 /* AppDelegate.m */; };
		0CB0700A205A26F1005BD847 /* ViewController.m in Sources */ = {isa = PBXBuildFile; fileRef = 0CB07009205A26F1005BD847 /* ViewController.m */; };
		0CB0700D205A26F1005BD847 /* Main.storyboard in Resources */ = {isa = PBXBuildFile; fileRef = 0CB0700B205A26F1005BD847 /* Main.storyboard */; };
		0CB0700F205A26F1005BD847 /* Assets.xcassets in Resources */ = {isa = PBXBuildFile; fileRef = 0CB0700E205A26F1005BD847 /* Assets.xcassets */; };
		0CB07012205A26F1005BD847 /* LaunchScreen.storyboard in Resources */ = {isa = PBXBuildFile; fileRef = 0CB07010205A26F1005BD847 /* LaunchScreen.storyboard */; };
		0CB07015205A26F1005BD847 /* main.m in Sources */ = {isa = PBXBuildFile; fileRef = 0CB07014205A26F1005BD847 /* main.m */; };
/* End PBXBuildFile section */

/* Begin PBXFileReference section */
		0CB07002205A26F1005BD847 /* RunLoopScenesToBeUsed.app */ = {isa = PBXFileReference; explicitFileType = wrapper.application; includeInIndex = 0; path = RunLoopScenesToBeUsed.app; sourceTree = BUILT_PRODUCTS_DIR; };
		0CB07005205A26F1005BD847 /* AppDelegate.h */ = {isa = PBXFileReference; lastKnownFileType = sourcecode.c.h; path = AppDelegate.h; sourceTree = "<group>"; };
		0CB07006205A26F1005BD847 /* AppDelegate.m */ = {isa = PBXFileReference; lastKnownFileType = sourcecode.c.objc; path = AppDelegate.m; sourceTree = "<group>"; };
		0CB07008205A26F1005BD847 /* ViewController.h */ = {isa = PBXFileReference; lastKnownFileType = sourcecode.c.h; path = ViewController.h; sourceTree = "<group>"; };
		0CB07009205A26F1005BD847 /* ViewController.m */ = {isa = PBXFileReference; lastKnownFileType = sourcecode.c.objc; path = ViewController.m; sourceTree = "<group>"; };
		0CB0700C205A26F1005BD847 /* Base */ = {isa = PBXFileReference; lastKnownFileType = file.storyboard; name = Base; path = Base.lproj/Main.storyboard; sourceTree = "<group>"; };
		0CB0700E205A26F1005BD847 /* Assets.xcassets */ = {isa = PBXFileReference; lastKnownFileType = folder.assetcatalog; path = Assets.xcassets; sourceTree = "<group>"; };
		0CB07011205A26F1005BD847 /* Base */ = {isa = PBXFileReference; lastKnownFileType = file.storyboard; name = Base; path = Base.lproj/LaunchScreen.storyboard; sourceTree = "<group>"; };
		0CB07013205A26F1005BD847 /* Info.plist */ = {isa = PBXFileReference; lastKnownFileType = text.plist.xml; path = Info.plist; sourceTree = "<group>"; };
		0CB07014205A26F1005BD847 /* main.m */ = {isa = PBXFileReference; lastKnownFileType = sourcecode.c.objc; path = main.m; sourceTree = "<group>"; };
/* End PBXFileReference section */

/* Begin PBXFrameworksBuildPhase section */
		0CB06FFF205A26F1005BD847 /* Frameworks */ = {
			isa = PBXFrameworksBuildPhase;
			buildActionMask = 2147483647;
			files = (
			);
			runOnlyForDeploymentPostprocessing = 0;
		};
/* End PBXFrameworksBuildPhase section */

/* Begin PBXGroup section */
		0CB06FF9205A26F1005BD847 = {
			isa = PBXGroup;
			children = (
				0CB07004205A26F1005BD847 /* RunLoopScenesToBeUsed */,
				0CB07003205A26F1005BD847 /* Products */,
			);
			sourceTree = "<group>";
		};
		0CB07003205A26F1005BD847 /* Products */ = {
			isa = PBXGroup;
			children = (
				0CB07002205A26F1005BD847 /* RunLoopScenesToBeUsed.app */,
			);
			name = Products;
			sourceTree = "<group>";
		};
		0CB07004205A26F1005BD847 /* RunLoopScenesToBeUsed */ = {
			isa = PBXGroup;
			children = (
				0CB07005205A26F1005BD847 /* AppDelegate.h */,
				0CB07006205A26F1005BD847 /* AppDelegate.m */,
				0CB07008205A26F1005BD847 /* ViewController.h */,
				0CB07009205A26F1005BD847 /* ViewController.m */,
				0CB0700B205A26F1005BD847 /* Main.storyboard */,
				0CB0700E205A26F1005BD847 /* Assets.xcassets */,
				0CB07010205A26F1005BD847 /* LaunchScreen.storyboard */,
				0CB07013205A26F1005BD847 /* Info.plist */,
				0CB07014205A26F1005BD847 /* main.m */,
			);
			path = RunLoopScenesToBeUsed;
			sourceTree = "<group>";
		};
/* End PBXGroup section */

/* Begin PBXNativeTarget section */
		0CB07001205A26F1005BD847 /* RunLoopScenesToBeUsed */ = {
			isa = PBXNativeTarget;
			buildConfigurationList = 0CB07018205A26F1005BD847 /* Build configuration list for PBXNativeTarget "RunLoopScenesToBeUsed" */;
			buildPhases = (
				0CB06FFE205A26F1005BD847 /* Sources */,
				0CB06FFF205A26F1005BD847 /* Frameworks */,
				0CB07000205A26F1005BD847 /* Resources */,
			);
			buildRules = (
			);
			dependencies = (
			);
			name = RunLoopScenesToBeUsed;
			productName = RunLoopScenesToBeUsed;
			productReference = 0CB07002205A26F1005BD847 /* RunLoopScenesToBeUsed.app */;
			productType = "com.apple.product-type.application";
		};
/* End PBXNativeTarget section */

/* Begin PBXProject section */
		0CB06FFA205A26F1005BD847 /* Project object */ = {
			isa = PBXProject;
			attributes = {
				LastUpgradeCheck = 0920;
				ORGANIZATIONNAME = tanxk;
				TargetAttributes = {
					0CB07001205A26F1005BD847 = {
						CreatedOnToolsVersion = 9.2;
						ProvisioningStyle = Automatic;
					};
				};
			};
			buildConfigurationList = 0CB06FFD205A26F1005BD847 /* Build configuration list for PBXProject "RunLoopScenesToBeUsed" */;
			compatibilityVersion = "Xcode 8.0";
			developmentRegion = en;
			hasScannedForEncodings = 0;
			knownRegions = (
				en,
				Base,
			);
			mainGroup = 0CB06FF9205A26F1005BD847;
			productRefGroup = 0CB07003205A26F1005BD847 /* Products */;
			projectDirPath = "";
			projectRoot = "";
			targets = (
				0CB07001205A26F1005BD847 /* RunLoopScenesToBeUsed */,
			);
		};
/* End PBXProject section */

/* Begin PBXResourcesBuildPhase section */
		0CB07000205A26F1005BD847 /* Resources */ = {
			isa = PBXResourcesBuildPhase;
			buildActionMask = 2147483647;
			files = (
				0CB07012205A26F1005BD847 /* LaunchScreen.storyboard in Resources */,
				0CB0700F205A26F1005BD847 /* Assets.xcassets in Resources */,
				0CB0700D205A26F1005BD847 /* Main.storyboard in Resources */,
			);
			runOnlyForDeploymentPostprocessing = 0;
		};
/* End PBXResourcesBuildPhase section */

/* Begin PBXSourcesBuildPhase section */
		0CB06FFE205A26F1005BD847 /* Sources */ = {
			isa = PBXSourcesBuildPhase;
			buildActionMask = 2147483647;
			files = (
				0CB0700A205A26F1005BD847 /* ViewController.m in Sources */,
				0CB07015205A26F1005BD847 /* main.m in Sources */,
				0CB07007205A26F1005BD847 /* AppDelegate.m in Sources */,
			);
			runOnlyForDeploymentPostprocessing = 0;
		};
/* End PBXSourcesBuildPhase section */

/* Begin PBXVariantGroup section */
		0CB0700B205A26F1005BD847 /* Main.storyboard */ = {
			isa = PBXVariantGroup;
			children = (
				0CB0700C205A26F1005BD847 /* Base */,
			);
			name = Main.storyboard;
			sourceTree = "<group>";
		};
		0CB07010205A26F1005BD847 /* LaunchScreen.storyboard */ = {
			isa = PBXVariantGroup;
			children = (
				0CB07011205A26F1005BD847 /* Base */,
			);
			name = LaunchScreen.storyboard;
			sourceTree = "<group>";
		};
/* End PBXVariantGroup section */

/* Begin XCBuildConfiguration section */
		0CB07016205A26F1005BD847 /* Debug */ = {
			isa = XCBuildConfiguration;
			buildSettings = {
				ALWAYS_SEARCH_USER_PATHS = NO;
				CLANG_ANALYZER_NONNULL = YES;
				CLANG_ANALYZER_NUMBER_OBJECT_CONVERSION = YES_AGGRESSIVE;
				CLANG_CXX_LANGUAGE_STANDARD = "gnu++14";
				CLANG_CXX_LIBRARY = "libc++";
				CLANG_ENABLE_MODULES = YES;
				CLANG_ENABLE_OBJC_ARC = YES;
				CLANG_WARN_BLOCK_CAPTURE_AUTORELEASING = YES;
				CLANG_WARN_BOOL_CONVERSION = YES;
				CLANG_WARN_COMMA = YES;
				CLANG_WARN_CONSTANT_CONVERSION = YES;
				CLANG_WARN_DIRECT_OBJC_ISA_USAGE = YES_ERROR;
				CLANG_WARN_DOCUMENTATION_COMMENTS = YES;
				CLANG_WARN_EMPTY_BODY = YES;
				CLANG_WARN_ENUM_CONVERSION = YES;
				CLANG_WARN_INFINITE_RECURSION = YES;
				CLANG_WARN_INT_CONVERSION = YES;
				CLANG_WARN_NON_LITERAL_NULL_CONVERSION = YES;
				CLANG_WARN_OBJC_LITERAL_CONVERSION = YES;
				CLANG_WARN_OBJC_ROOT_CLASS = YES_ERROR;
				CLANG_WARN_RANGE_LOOP_ANALYSIS = YES;
				CLANG_WARN_STRICT_PROTOTYPES = YES;
				CLANG_WARN_SUSPICIOUS_MOVE = YES;
				CLANG_WARN_UNGUARDED_AVAILABILITY = YES_AGGRESSIVE;
				CLANG_WARN_UNREACHABLE_CODE = YES;
				CLANG_WARN__DUPLICATE_METHOD_MATCH = YES;
				CODE_SIGN_IDENTITY = "iPhone Developer";
				COPY_PHASE_STRIP = NO;
				DEBUG_INFORMATION_FORMAT = dwarf;
				ENABLE_STRICT_OBJC_MSGSEND = YES;
				ENABLE_TESTABILITY = YES;
				GCC_C_LANGUAGE_STANDARD = gnu11;
				GCC_DYNAMIC_NO_PIC = NO;
				GCC_NO_COMMON_BLOCKS = YES;
				GCC_OPTIMIZATION_LEVEL = 0;
				GCC_PREPROCESSOR_DEFINITIONS = (
					"DEBUG=1",
					"$(inherited)",
				);
				GCC_WARN_64_TO_32_BIT_CONVERSION = YES;
				GCC_WARN_ABOUT_RETURN_TYPE = YES_ERROR;
				GCC_WARN_UNDECLARED_SELECTOR = YES;
				GCC_WARN_UNINITIALIZED_AUTOS = YES_AGGRESSIVE;
				GCC_WARN_UNUSED_FUNCTION = YES;
				GCC_WARN_UNUSED_VARIABLE = YES;
				IPHONEOS_DEPLOYMENT_TARGET = 11.2;
				MTL_ENABLE_DEBUG_INFO = YES;
				ONLY_ACTIVE_ARCH = YES;
				SDKROOT = iphoneos;
			};
			name = Debug;
		};
		0CB07017205A26F1005BD847 /* Release */ = {
			isa = XCBuildConfiguration;
			buildSettings = {
				ALWAYS_SEARCH_USER_PATHS = NO;
				CLANG_ANALYZER_NONNULL = YES;
				CLANG_ANALYZER_NUMBER_OBJECT_CONVERSION = YES_AGGRESSIVE;
				CLANG_CXX_LANGUAGE_STANDARD = "gnu++14";
				CLANG_CXX_LIBRARY = "libc++";
				CLANG_ENABLE_MODULES = YES;
				CLANG_ENABLE_OBJC_ARC = YES;
				CLANG_WARN_BLOCK_CAPTURE_AUTORELEASING = YES;
				CLANG_WARN_BOOL_CONVERSION = YES;
				CLANG_WARN_COMMA = YES;
				CLANG_WARN_CONSTANT_CONVERSION = YES;
				CLANG_WARN_DIRECT_OBJC_ISA_USAGE = YES_ERROR;
				CLANG_WARN_DOCUMENTATION_COMMENTS = YES;
				CLANG_WARN_EMPTY_BODY = YES;
				CLANG_WARN_ENUM_CONVERSION = YES;
				CLANG_WARN_INFINITE_RECURSION = YES;
				CLANG_WARN_INT_CONVERSION = YES;
				CLANG_WARN_NON_LITERAL_NULL_CONVERSION = YES;
				CLANG_WARN_OBJC_LITERAL_CONVERSION = YES;
				CLANG_WARN_OBJC_ROOT_CLASS = YES_ERROR;
				CLANG_WARN_RANGE_LOOP_ANALYSIS = YES;
				CLANG_WARN_STRICT_PROTOTYPES = YES;
				CLANG_WARN_SUSPICIOUS_MOVE = YES;
				CLANG_WARN_UNGUARDED_AVAILABILITY = YES_AGGRESSIVE;
				CLANG_WARN_UNREACHABLE_CODE = YES;
				CLANG_WARN__DUPLICATE_METHOD_MATCH = YES;
				CODE_SIGN_IDENTITY = "iPhone Developer";
				COPY_PHASE_STRIP = NO;
				DEBUG_INFORMATION_FORMAT = "dwarf-with-dsym";
				ENABLE_NS_ASSERTIONS = NO;
				ENABLE_STRICT_OBJC_MSGSEND = YES;
				GCC_C_LANGUAGE_STANDARD = gnu11;
				GCC_NO_COMMON_BLOCKS = YES;
				GCC_WARN_64_TO_32_BIT_CONVERSION = YES;
				GCC_WARN_ABOUT_RETURN_TYPE = YES_ERROR;
				GCC_WARN_UNDECLARED_SELECTOR = YES;
				GCC_WARN_UNINITIALIZED_AUTOS = YES_AGGRESSIVE;
				GCC_WARN_UNUSED_FUNCTION = YES;
				GCC_WARN_UNUSED_VARIABLE = YES;
				IPHONEOS_DEPLOYMENT_TARGET = 11.2;
				MTL_ENABLE_DEBUG_INFO = NO;
				SDKROOT = iphoneos;
				VALIDATE_PRODUCT = YES;
			};
			name = Release;
		};
		0CB07019205A26F1005BD847 /* Debug */ = {
			isa = XCBuildConfiguration;
			buildSettings = {
				ASSETCATALOG_COMPILER_APPICON_NAME = AppIcon;
				CODE_SIGN_STYLE = Automatic;
				DEVELOPMENT_TEAM = U4HDFP27TK;
				INFOPLIST_FILE = RunLoopScenesToBeUsed/Info.plist;
				LD_RUNPATH_SEARCH_PATHS = "$(inherited) @executable_path/Frameworks";
				PRODUCT_BUNDLE_IDENTIFIER = com.xueye.tanxk.RunLoopScenesToBeUsed;
				PRODUCT_NAME = "$(TARGET_NAME)";
				TARGETED_DEVICE_FAMILY = "1,2";
			};
			name = Debug;
		};
		0CB0701A205A26F1005BD847 /* Release */ = {
			isa = XCBuildConfiguration;
			buildSettings = {
				ASSETCATALOG_COMPILER_APPICON_NAME = AppIcon;
				CODE_SIGN_STYLE = Automatic;
				DEVELOPMENT_TEAM = U4HDFP27TK;
				INFOPLIST_FILE = RunLoopScenesToBeUsed/Info.plist;
				LD_RUNPATH_SEARCH_PATHS = "$(inherited) @executable_path/Frameworks";
				PRODUCT_BUNDLE_IDENTIFIER = com.xueye.tanxk.RunLoopScenesToBeUsed;
				PRODUCT_NAME = "$(TARGET_NAME)";
				TARGETED_DEVICE_FAMILY = "1,2";
			};
			name = Release;
		};
/* End XCBuildConfiguration section */

/* Begin XCConfigurationList section */
		0CB06FFD205A26F1005BD847 /* Build configuration list for PBXProject "RunLoopScenesToBeUsed" */ = {
			isa = XCConfigurationList;
			buildConfigurations = (
				0CB07016205A26F1005BD847 /* Debug */,
				0CB07017205A26F1005BD847 /* Release */,
			);
			defaultConfigurationIsVisible = 0;
			defaultConfigurationName = Release;
		};
		0CB07018205A26F1005BD847 /* Build configuration list for PBXNativeTarget "RunLoopScenesToBeUsed" */ = {
			isa = XCConfigurationList;
			buildConfigurations = (
				0CB07019205A26F1005BD847 /* Debug */,
				0CB0701A205A26F1005BD847 /* Release */,
			);
			defaultConfigurationIsVisible = 0;
			defaultConfigurationName = Release;
		};
/* End XCConfigurationList section */
	};
	rootObject = 0CB06FFA205A26F1005BD847 /* Project object */;
}
